// !$*UTF8*$!
{
	archiveVersion = 1;
	classes = {
	};
	objectVersion = 51;
	objects = {

/* Begin PBXBuildFile section */
		33C2241CB58F04B947EE64FC /* Pods_stonks.framework in Frameworks */ = {isa = PBXBuildFile; fileRef = 9FCD81A5704C009CB0D8B34C /* Pods_stonks.framework */; };
		8628258F263664FC0088B4A9 /* 41383-digital-finance-animation.json in Resources */ = {isa = PBXBuildFile; fileRef = 8628258E263664FC0088B4A9 /* 41383-digital-finance-animation.json */; };
		86282592263666040088B4A9 /* 9697-ftw.json in Resources */ = {isa = PBXBuildFile; fileRef = 86282591263666040088B4A9 /* 9697-ftw.json */; };
		86282595263668930088B4A9 /* LaunchViewController.swift in Sources */ = {isa = PBXBuildFile; fileRef = 86282594263668930088B4A9 /* LaunchViewController.swift */; };
		862BD66C26363162006110EE /* SecondWebsiteViewController.swift in Sources */ = {isa = PBXBuildFile; fileRef = 862BD66B26363162006110EE /* SecondWebsiteViewController.swift */; };
		862BD67C26365C2B006110EE /* 34115-rocket-lunch.json in Resources */ = {isa = PBXBuildFile; fileRef = 862BD67B26365C2B006110EE /* 34115-rocket-lunch.json */; };
		863C7CEB263626AE00241850 /* TechnologyCell.swift in Sources */ = {isa = PBXBuildFile; fileRef = 863C7CEA263626AE00241850 /* TechnologyCell.swift */; };
		864658A2262BDB94007727DB /* AppDelegate.swift in Sources */ = {isa = PBXBuildFile; fileRef = 864658A1262BDB94007727DB /* AppDelegate.swift */; };
		864658A4262BDB94007727DB /* SceneDelegate.swift in Sources */ = {isa = PBXBuildFile; fileRef = 864658A3262BDB94007727DB /* SceneDelegate.swift */; };
		864658A9262BDB94007727DB /* Main.storyboard in Resources */ = {isa = PBXBuildFile; fileRef = 864658A7262BDB94007727DB /* Main.storyboard */; };
		864658AB262BDB98007727DB /* Assets.xcassets in Resources */ = {isa = PBXBuildFile; fileRef = 864658AA262BDB98007727DB /* Assets.xcassets */; };
		864658AE262BDB98007727DB /* LaunchScreen.storyboard in Resources */ = {isa = PBXBuildFile; fileRef = 864658AC262BDB98007727DB /* LaunchScreen.storyboard */; };
		864658BD262CB54A007727DB /* LoginViewController.swift in Sources */ = {isa = PBXBuildFile; fileRef = 864658BC262CB54A007727DB /* LoginViewController.swift */; };
		864658C0262CB5D6007727DB /* FinanceViewController.swift in Sources */ = {isa = PBXBuildFile; fileRef = 864658BF262CB5D6007727DB /* FinanceViewController.swift */; };
		864658C3262CB5E9007727DB /* TechnologyViewController.swift in Sources */ = {isa = PBXBuildFile; fileRef = 864658C2262CB5E9007727DB /* TechnologyViewController.swift */; };
		864658D5262D3EA8007727DB /* RoundButton.swift in Sources */ = {isa = PBXBuildFile; fileRef = 864658D4262D3EA8007727DB /* RoundButton.swift */; };
		864658D8262FD9B7007727DB /* FinanceCell.swift in Sources */ = {isa = PBXBuildFile; fileRef = 864658D7262FD9B7007727DB /* FinanceCell.swift */; };
		86789098263F420C00566B79 /* ThirdWebsiteViewController.swift in Sources */ = {isa = PBXBuildFile; fileRef = 86789097263F420C00566B79 /* ThirdWebsiteViewController.swift */; };
		868F42522630D1520022E19F /* WebsiteViewController.swift in Sources */ = {isa = PBXBuildFile; fileRef = 868F42512630D1520022E19F /* WebsiteViewController.swift */; };
		86AEB081264A3A04005CBCB5 /* Error.mp3 in Resources */ = {isa = PBXBuildFile; fileRef = 86AEB080264A3A04005CBCB5 /* Error.mp3 */; };
		86AEB083264DC6DF005CBCB5 /* RememberTabBarController.swift in Sources */ = {isa = PBXBuildFile; fileRef = 86AEB082264DC6DF005CBCB5 /* RememberTabBarController.swift */; };
		86B8EFC9263DF74600AC68ED /* ViewAnimator.swift in Sources */ = {isa = PBXBuildFile; fileRef = 86B8EFC8263DF74600AC68ED /* ViewAnimator.swift */; };
		86B8EFCC263DF8E500AC68ED /* customTextField.swift in Sources */ = {isa = PBXBuildFile; fileRef = 86B8EFCB263DF8E500AC68ED /* customTextField.swift */; };
		86B8EFD0263DFAB700AC68ED /* SearchViewController.swift in Sources */ = {isa = PBXBuildFile; fileRef = 86B8EFCF263DFAB700AC68ED /* SearchViewController.swift */; };
		86B8EFD3263DFE4F00AC68ED /* SearchCell.swift in Sources */ = {isa = PBXBuildFile; fileRef = 86B8EFD2263DFE4F00AC68ED /* SearchCell.swift */; };
		86F37C6C264A396F00CD6F12 /* success.mp3 in Resources */ = {isa = PBXBuildFile; fileRef = 86F37C6B264A396F00CD6F12 /* success.mp3 */; };
/* End PBXBuildFile section */

/* Begin PBXFileReference section */
		8628258E263664FC0088B4A9 /* 41383-digital-finance-animation.json */ = {isa = PBXFileReference; fileEncoding = 4; lastKnownFileType = text.json; path = "41383-digital-finance-animation.json"; sourceTree = "<group>"; };
		86282591263666040088B4A9 /* 9697-ftw.json */ = {isa = PBXFileReference; fileEncoding = 4; lastKnownFileType = text.json; path = "9697-ftw.json"; sourceTree = "<group>"; };
		86282594263668930088B4A9 /* LaunchViewController.swift */ = {isa = PBXFileReference; lastKnownFileType = sourcecode.swift; path = LaunchViewController.swift; sourceTree = "<group>"; };
		862BD66B26363162006110EE /* SecondWebsiteViewController.swift */ = {isa = PBXFileReference; lastKnownFileType = sourcecode.swift; path = SecondWebsiteViewController.swift; sourceTree = "<group>"; };
		862BD67B26365C2B006110EE /* 34115-rocket-lunch.json */ = {isa = PBXFileReference; fileEncoding = 4; lastKnownFileType = text.json; path = "34115-rocket-lunch.json"; sourceTree = "<group>"; };
		863C7CEA263626AE00241850 /* TechnologyCell.swift */ = {isa = PBXFileReference; lastKnownFileType = sourcecode.swift; path = TechnologyCell.swift; sourceTree = "<group>"; };
		8646589E262BDB94007727DB /* stonks.app */ = {isa = PBXFileReference; explicitFileType = wrapper.application; includeInIndex = 0; path = stonks.app; sourceTree = BUILT_PRODUCTS_DIR; };
		864658A1262BDB94007727DB /* AppDelegate.swift */ = {isa = PBXFileReference; lastKnownFileType = sourcecode.swift; path = AppDelegate.swift; sourceTree = "<group>"; };
		864658A3262BDB94007727DB /* SceneDelegate.swift */ = {isa = PBXFileReference; lastKnownFileType = sourcecode.swift; path = SceneDelegate.swift; sourceTree = "<group>"; };
		864658A8262BDB94007727DB /* Base */ = {isa = PBXFileReference; lastKnownFileType = file.storyboard; name = Base; path = Base.lproj/Main.storyboard; sourceTree = "<group>"; };
		864658AA262BDB98007727DB /* Assets.xcassets */ = {isa = PBXFileReference; lastKnownFileType = folder.assetcatalog; path = Assets.xcassets; sourceTree = "<group>"; };
		864658AD262BDB98007727DB /* Base */ = {isa = PBXFileReference; lastKnownFileType = file.storyboard; name = Base; path = Base.lproj/LaunchScreen.storyboard; sourceTree = "<group>"; };
		864658AF262BDB98007727DB /* Info.plist */ = {isa = PBXFileReference; lastKnownFileType = text.plist.xml; path = Info.plist; sourceTree = "<group>"; };
		864658BC262CB54A007727DB /* LoginViewController.swift */ = {isa = PBXFileReference; lastKnownFileType = sourcecode.swift; path = LoginViewController.swift; sourceTree = "<group>"; };
		864658BF262CB5D6007727DB /* FinanceViewController.swift */ = {isa = PBXFileReference; lastKnownFileType = sourcecode.swift; path = FinanceViewController.swift; sourceTree = "<group>"; };
		864658C2262CB5E9007727DB /* TechnologyViewController.swift */ = {isa = PBXFileReference; lastKnownFileType = sourcecode.swift; path = TechnologyViewController.swift; sourceTree = "<group>"; };
		864658D4262D3EA8007727DB /* RoundButton.swift */ = {isa = PBXFileReference; lastKnownFileType = sourcecode.swift; path = RoundButton.swift; sourceTree = "<group>"; };
		864658D7262FD9B7007727DB /* FinanceCell.swift */ = {isa = PBXFileReference; lastKnownFileType = sourcecode.swift; path = FinanceCell.swift; sourceTree = "<group>"; };
		86789097263F420C00566B79 /* ThirdWebsiteViewController.swift */ = {isa = PBXFileReference; lastKnownFileType = sourcecode.swift; path = ThirdWebsiteViewController.swift; sourceTree = "<group>"; };
		868F42512630D1520022E19F /* WebsiteViewController.swift */ = {isa = PBXFileReference; lastKnownFileType = sourcecode.swift; path = WebsiteViewController.swift; sourceTree = "<group>"; };
		86AEB080264A3A04005CBCB5 /* Error.mp3 */ = {isa = PBXFileReference; lastKnownFileType = audio.mp3; path = Error.mp3; sourceTree = "<group>"; };
		86AEB082264DC6DF005CBCB5 /* RememberTabBarController.swift */ = {isa = PBXFileReference; lastKnownFileType = sourcecode.swift; path = RememberTabBarController.swift; sourceTree = "<group>"; };
		86B8EFC8263DF74600AC68ED /* ViewAnimator.swift */ = {isa = PBXFileReference; lastKnownFileType = sourcecode.swift; path = ViewAnimator.swift; sourceTree = "<group>"; };
		86B8EFCB263DF8E500AC68ED /* customTextField.swift */ = {isa = PBXFileReference; lastKnownFileType = sourcecode.swift; path = customTextField.swift; sourceTree = "<group>"; };
		86B8EFCF263DFAB700AC68ED /* SearchViewController.swift */ = {isa = PBXFileReference; lastKnownFileType = sourcecode.swift; path = SearchViewController.swift; sourceTree = "<group>"; };
		86B8EFD2263DFE4F00AC68ED /* SearchCell.swift */ = {isa = PBXFileReference; lastKnownFileType = sourcecode.swift; path = SearchCell.swift; sourceTree = "<group>"; };
		86F37C6B264A396F00CD6F12 /* success.mp3 */ = {isa = PBXFileReference; lastKnownFileType = audio.mp3; path = success.mp3; sourceTree = "<group>"; };
		954B2912C5F9B9F81D2F14B5 /* Pods-stonks.release.xcconfig */ = {isa = PBXFileReference; includeInIndex = 1; lastKnownFileType = text.xcconfig; name = "Pods-stonks.release.xcconfig"; path = "Target Support Files/Pods-stonks/Pods-stonks.release.xcconfig"; sourceTree = "<group>"; };
		9FCD81A5704C009CB0D8B34C /* Pods_stonks.framework */ = {isa = PBXFileReference; explicitFileType = wrapper.framework; includeInIndex = 0; path = Pods_stonks.framework; sourceTree = BUILT_PRODUCTS_DIR; };
		C6C3BDD04DE2E4861954EF76 /* Pods-stonks.debug.xcconfig */ = {isa = PBXFileReference; includeInIndex = 1; lastKnownFileType = text.xcconfig; name = "Pods-stonks.debug.xcconfig"; path = "Target Support Files/Pods-stonks/Pods-stonks.debug.xcconfig"; sourceTree = "<group>"; };
/* End PBXFileReference section */

/* Begin PBXFrameworksBuildPhase section */
		8646589B262BDB93007727DB /* Frameworks */ = {
			isa = PBXFrameworksBuildPhase;
			buildActionMask = 2147483647;
			files = (
				33C2241CB58F04B947EE64FC /* Pods_stonks.framework in Frameworks */,
			);
			runOnlyForDeploymentPostprocessing = 0;
		};
/* End PBXFrameworksBuildPhase section */

/* Begin PBXGroup section */
		4711D77EB9152FD6369208EF /* Pods */ = {
			isa = PBXGroup;
			children = (
				C6C3BDD04DE2E4861954EF76 /* Pods-stonks.debug.xcconfig */,
				954B2912C5F9B9F81D2F14B5 /* Pods-stonks.release.xcconfig */,
			);
			path = Pods;
			sourceTree = "<group>";
		};
		86465895262BDB93007727DB = {
			isa = PBXGroup;
			children = (
				864658A0262BDB94007727DB /* stonks */,
				8646589F262BDB94007727DB /* Products */,
				4711D77EB9152FD6369208EF /* Pods */,
				EA136EF808DC75C21CACCCAB /* Frameworks */,
			);
			sourceTree = "<group>";
		};
		8646589F262BDB94007727DB /* Products */ = {
			isa = PBXGroup;
			children = (
				8646589E262BDB94007727DB /* stonks.app */,
			);
			name = Products;
			sourceTree = "<group>";
		};
		864658A0262BDB94007727DB /* stonks */ = {
			isa = PBXGroup;
			children = (
				864658A1262BDB94007727DB /* AppDelegate.swift */,
				864658A3262BDB94007727DB /* SceneDelegate.swift */,
				864658A7262BDB94007727DB /* Main.storyboard */,
				864658AA262BDB98007727DB /* Assets.xcassets */,
				864658AC262BDB98007727DB /* LaunchScreen.storyboard */,
				864658AF262BDB98007727DB /* Info.plist */,
				864658BC262CB54A007727DB /* LoginViewController.swift */,
				864658BF262CB5D6007727DB /* FinanceViewController.swift */,
				864658C2262CB5E9007727DB /* TechnologyViewController.swift */,
				864658D4262D3EA8007727DB /* RoundButton.swift */,
				864658D7262FD9B7007727DB /* FinanceCell.swift */,
				868F42512630D1520022E19F /* WebsiteViewController.swift */,
				863C7CEA263626AE00241850 /* TechnologyCell.swift */,
				862BD66B26363162006110EE /* SecondWebsiteViewController.swift */,
				8628258E263664FC0088B4A9 /* 41383-digital-finance-animation.json */,
				862BD67B26365C2B006110EE /* 34115-rocket-lunch.json */,
				86282591263666040088B4A9 /* 9697-ftw.json */,
				86AEB080264A3A04005CBCB5 /* Error.mp3 */,
				86F37C6B264A396F00CD6F12 /* success.mp3 */,
				86282594263668930088B4A9 /* LaunchViewController.swift */,
				86B8EFC8263DF74600AC68ED /* ViewAnimator.swift */,
				86B8EFCB263DF8E500AC68ED /* customTextField.swift */,
				86B8EFCF263DFAB700AC68ED /* SearchViewController.swift */,
				86B8EFD2263DFE4F00AC68ED /* SearchCell.swift */,
				86789097263F420C00566B79 /* ThirdWebsiteViewController.swift */,
				86AEB082264DC6DF005CBCB5 /* RememberTabBarController.swift */,
			);
			path = stonks;
			sourceTree = "<group>";
		};
		EA136EF808DC75C21CACCCAB /* Frameworks */ = {
			isa = PBXGroup;
			children = (
				9FCD81A5704C009CB0D8B34C /* Pods_stonks.framework */,
			);
			name = Frameworks;
			sourceTree = "<group>";
		};
/* End PBXGroup section */

/* Begin PBXNativeTarget section */
		8646589D262BDB93007727DB /* stonks */ = {
			isa = PBXNativeTarget;
			buildConfigurationList = 864658B2262BDB98007727DB /* Build configuration list for PBXNativeTarget "stonks" */;
			buildPhases = (
				EC90F2620D511EF1EA1C5EB6 /* [CP] Check Pods Manifest.lock */,
				8646589A262BDB93007727DB /* Sources */,
				8646589B262BDB93007727DB /* Frameworks */,
				8646589C262BDB93007727DB /* Resources */,
				9607E41702B6909BB08CB4EA /* [CP] Embed Pods Frameworks */,
			);
			buildRules = (
			);
			dependencies = (
			);
			name = stonks;
			productName = stonks;
			productReference = 8646589E262BDB94007727DB /* stonks.app */;
			productType = "com.apple.product-type.application";
		};
/* End PBXNativeTarget section */

/* Begin PBXProject section */
		86465896262BDB93007727DB /* Project object */ = {
			isa = PBXProject;
			attributes = {
				LastSwiftUpdateCheck = 1240;
				LastUpgradeCheck = 1240;
				TargetAttributes = {
					8646589D262BDB93007727DB = {
						CreatedOnToolsVersion = 12.4;
					};
				};
			};
			buildConfigurationList = 86465899262BDB93007727DB /* Build configuration list for PBXProject "stonks" */;
			compatibilityVersion = "Xcode 9.3";
			developmentRegion = en;
			hasScannedForEncodings = 0;
			knownRegions = (
				en,
				Base,
			);
			mainGroup = 86465895262BDB93007727DB;
			productRefGroup = 8646589F262BDB94007727DB /* Products */;
			projectDirPath = "";
			projectRoot = "";
			targets = (
				8646589D262BDB93007727DB /* stonks */,
			);
		};
/* End PBXProject section */

/* Begin PBXResourcesBuildPhase section */
		8646589C262BDB93007727DB /* Resources */ = {
			isa = PBXResourcesBuildPhase;
			buildActionMask = 2147483647;
			files = (
				864658AE262BDB98007727DB /* LaunchScreen.storyboard in Resources */,
				86AEB081264A3A04005CBCB5 /* Error.mp3 in Resources */,
				8628258F263664FC0088B4A9 /* 41383-digital-finance-animation.json in Resources */,
				862BD67C26365C2B006110EE /* 34115-rocket-lunch.json in Resources */,
				864658AB262BDB98007727DB /* Assets.xcassets in Resources */,
				86F37C6C264A396F00CD6F12 /* success.mp3 in Resources */,
				86282592263666040088B4A9 /* 9697-ftw.json in Resources */,
				864658A9262BDB94007727DB /* Main.storyboard in Resources */,
			);
			runOnlyForDeploymentPostprocessing = 0;
		};
/* End PBXResourcesBuildPhase section */

/* Begin PBXShellScriptBuildPhase section */
		9607E41702B6909BB08CB4EA /* [CP] Embed Pods Frameworks */ = {
			isa = PBXShellScriptBuildPhase;
			buildActionMask = 2147483647;
			files = (
			);
			inputFileListPaths = (
				"${PODS_ROOT}/Target Support Files/Pods-stonks/Pods-stonks-frameworks-${CONFIGURATION}-input-files.xcfilelist",
			);
			name = "[CP] Embed Pods Frameworks";
			outputFileListPaths = (
				"${PODS_ROOT}/Target Support Files/Pods-stonks/Pods-stonks-frameworks-${CONFIGURATION}-output-files.xcfilelist",
			);
			runOnlyForDeploymentPostprocessing = 0;
			shellPath = /bin/sh;
			shellScript = "\"${PODS_ROOT}/Target Support Files/Pods-stonks/Pods-stonks-frameworks.sh\"\n";
			showEnvVarsInLog = 0;
		};
		EC90F2620D511EF1EA1C5EB6 /* [CP] Check Pods Manifest.lock */ = {
			isa = PBXShellScriptBuildPhase;
			buildActionMask = 2147483647;
			files = (
			);
			inputFileListPaths = (
			);
			inputPaths = (
				"${PODS_PODFILE_DIR_PATH}/Podfile.lock",
				"${PODS_ROOT}/Manifest.lock",
			);
			name = "[CP] Check Pods Manifest.lock";
			outputFileListPaths = (
			);
			outputPaths = (
				"$(DERIVED_FILE_DIR)/Pods-stonks-checkManifestLockResult.txt",
			);
			runOnlyForDeploymentPostprocessing = 0;
			shellPath = /bin/sh;
			shellScript = "diff \"${PODS_PODFILE_DIR_PATH}/Podfile.lock\" \"${PODS_ROOT}/Manifest.lock\" > /dev/null\nif [ $? != 0 ] ; then\n    # print error to STDERR\n    echo \"error: The sandbox is not in sync with the Podfile.lock. Run 'pod install' or update your CocoaPods installation.\" >&2\n    exit 1\nfi\n# This output is used by Xcode 'outputs' to avoid re-running this script phase.\necho \"SUCCESS\" > \"${SCRIPT_OUTPUT_FILE_0}\"\n";
			showEnvVarsInLog = 0;
		};
/* End PBXShellScriptBuildPhase section */

/* Begin PBXSourcesBuildPhase section */
		8646589A262BDB93007727DB /* Sources */ = {
			isa = PBXSourcesBuildPhase;
			buildActionMask = 2147483647;
			files = (
				86789098263F420C00566B79 /* ThirdWebsiteViewController.swift in Sources */,
				868F42522630D1520022E19F /* WebsiteViewController.swift in Sources */,
				86B8EFD3263DFE4F00AC68ED /* SearchCell.swift in Sources */,
				864658D5262D3EA8007727DB /* RoundButton.swift in Sources */,
				864658C3262CB5E9007727DB /* TechnologyViewController.swift in Sources */,
				863C7CEB263626AE00241850 /* TechnologyCell.swift in Sources */,
				862BD66C26363162006110EE /* SecondWebsiteViewController.swift in Sources */,
				864658D8262FD9B7007727DB /* FinanceCell.swift in Sources */,
				864658BD262CB54A007727DB /* LoginViewController.swift in Sources */,
				86B8EFCC263DF8E500AC68ED /* customTextField.swift in Sources */,
				86B8EFD0263DFAB700AC68ED /* SearchViewController.swift in Sources */,
				864658C0262CB5D6007727DB /* FinanceViewController.swift in Sources */,
				86282595263668930088B4A9 /* LaunchViewController.swift in Sources */,
				864658A2262BDB94007727DB /* AppDelegate.swift in Sources */,
				864658A4262BDB94007727DB /* SceneDelegate.swift in Sources */,
				86B8EFC9263DF74600AC68ED /* ViewAnimator.swift in Sources */,
				86AEB083264DC6DF005CBCB5 /* RememberTabBarController.swift in Sources */,
			);
			runOnlyForDeploymentPostprocessing = 0;
		};
/* End PBXSourcesBuildPhase section */

/* Begin PBXVariantGroup section */
		864658A7262BDB94007727DB /* Main.storyboard */ = {
			isa = PBXVariantGroup;
			children = (
				864658A8262BDB94007727DB /* Base */,
			);
			name = Main.storyboard;
			sourceTree = "<group>";
		};
		864658AC262BDB98007727DB /* LaunchScreen.storyboard */ = {
			isa = PBXVariantGroup;
			children = (
				864658AD262BDB98007727DB /* Base */,
			);
			name = LaunchScreen.storyboard;
			sourceTree = "<group>";
		};
/* End PBXVariantGroup section */

/* Begin XCBuildConfiguration section */
		864658B0262BDB98007727DB /* Debug */ = {
			isa = XCBuildConfiguration;
			buildSettings = {
				ALWAYS_SEARCH_USER_PATHS = NO;
				CLANG_ANALYZER_NONNULL = YES;
				CLANG_ANALYZER_NUMBER_OBJECT_CONVERSION = YES_AGGRESSIVE;
				CLANG_CXX_LANGUAGE_STANDARD = "gnu++14";
				CLANG_CXX_LIBRARY = "libc++";
				CLANG_ENABLE_MODULES = YES;
				CLANG_ENABLE_OBJC_ARC = YES;
				CLANG_ENABLE_OBJC_WEAK = YES;
				CLANG_WARN_BLOCK_CAPTURE_AUTORELEASING = YES;
				CLANG_WARN_BOOL_CONVERSION = YES;
				CLANG_WARN_COMMA = YES;
				CLANG_WARN_CONSTANT_CONVERSION = YES;
				CLANG_WARN_DEPRECATED_OBJC_IMPLEMENTATIONS = YES;
				CLANG_WARN_DIRECT_OBJC_ISA_USAGE = YES_ERROR;
				CLANG_WARN_DOCUMENTATION_COMMENTS = YES;
				CLANG_WARN_EMPTY_BODY = YES;
				CLANG_WARN_ENUM_CONVERSION = YES;
				CLANG_WARN_INFINITE_RECURSION = YES;
				CLANG_WARN_INT_CONVERSION = YES;
				CLANG_WARN_NON_LITERAL_NULL_CONVERSION = YES;
				CLANG_WARN_OBJC_IMPLICIT_RETAIN_SELF = YES;
				CLANG_WARN_OBJC_LITERAL_CONVERSION = YES;
				CLANG_WARN_OBJC_ROOT_CLASS = YES_ERROR;
				CLANG_WARN_QUOTED_INCLUDE_IN_FRAMEWORK_HEADER = YES;
				CLANG_WARN_RANGE_LOOP_ANALYSIS = YES;
				CLANG_WARN_STRICT_PROTOTYPES = YES;
				CLANG_WARN_SUSPICIOUS_MOVE = YES;
				CLANG_WARN_UNGUARDED_AVAILABILITY = YES_AGGRESSIVE;
				CLANG_WARN_UNREACHABLE_CODE = YES;
				CLANG_WARN__DUPLICATE_METHOD_MATCH = YES;
				COPY_PHASE_STRIP = NO;
				DEBUG_INFORMATION_FORMAT = dwarf;
				ENABLE_STRICT_OBJC_MSGSEND = YES;
				ENABLE_TESTABILITY = YES;
				GCC_C_LANGUAGE_STANDARD = gnu11;
				GCC_DYNAMIC_NO_PIC = NO;
				GCC_NO_COMMON_BLOCKS = YES;
				GCC_OPTIMIZATION_LEVEL = 0;
				GCC_PREPROCESSOR_DEFINITIONS = (
					"DEBUG=1",
					"$(inherited)",
				);
				GCC_WARN_64_TO_32_BIT_CONVERSION = YES;
				GCC_WARN_ABOUT_RETURN_TYPE = YES_ERROR;
				GCC_WARN_UNDECLARED_SELECTOR = YES;
				GCC_WARN_UNINITIALIZED_AUTOS = YES_AGGRESSIVE;
				GCC_WARN_UNUSED_FUNCTION = YES;
				GCC_WARN_UNUSED_VARIABLE = YES;
				IPHONEOS_DEPLOYMENT_TARGET = 14.4;
				MTL_ENABLE_DEBUG_INFO = INCLUDE_SOURCE;
				MTL_FAST_MATH = YES;
				ONLY_ACTIVE_ARCH = YES;
				SDKROOT = iphoneos;
				SWIFT_ACTIVE_COMPILATION_CONDITIONS = DEBUG;
				SWIFT_OPTIMIZATION_LEVEL = "-Onone";
			};
			name = Debug;
		};
		864658B1262BDB98007727DB /* Release */ = {
			isa = XCBuildConfiguration;
			buildSettings = {
				ALWAYS_SEARCH_USER_PATHS = NO;
				CLANG_ANALYZER_NONNULL = YES;
				CLANG_ANALYZER_NUMBER_OBJECT_CONVERSION = YES_AGGRESSIVE;
				CLANG_CXX_LANGUAGE_STANDARD = "gnu++14";
				CLANG_CXX_LIBRARY = "libc++";
				CLANG_ENABLE_MODULES = YES;
				CLANG_ENABLE_OBJC_ARC = YES;
				CLANG_ENABLE_OBJC_WEAK = YES;
				CLANG_WARN_BLOCK_CAPTURE_AUTORELEASING = YES;
				CLANG_WARN_BOOL_CONVERSION = YES;
				CLANG_WARN_COMMA = YES;
				CLANG_WARN_CONSTANT_CONVERSION = YES;
				CLANG_WARN_DEPRECATED_OBJC_IMPLEMENTATIONS = YES;
				CLANG_WARN_DIRECT_OBJC_ISA_USAGE = YES_ERROR;
				CLANG_WARN_DOCUMENTATION_COMMENTS = YES;
				CLANG_WARN_EMPTY_BODY = YES;
				CLANG_WARN_ENUM_CONVERSION = YES;
				CLANG_WARN_INFINITE_RECURSION = YES;
				CLANG_WARN_INT_CONVERSION = YES;
				CLANG_WARN_NON_LITERAL_NULL_CONVERSION = YES;
				CLANG_WARN_OBJC_IMPLICIT_RETAIN_SELF = YES;
				CLANG_WARN_OBJC_LITERAL_CONVERSION = YES;
				CLANG_WARN_OBJC_ROOT_CLASS = YES_ERROR;
				CLANG_WARN_QUOTED_INCLUDE_IN_FRAMEWORK_HEADER = YES;
				CLANG_WARN_RANGE_LOOP_ANALYSIS = YES;
				CLANG_WARN_STRICT_PROTOTYPES = YES;
				CLANG_WARN_SUSPICIOUS_MOVE = YES;
				CLANG_WARN_UNGUARDED_AVAILABILITY = YES_AGGRESSIVE;
				CLANG_WARN_UNREACHABLE_CODE = YES;
				CLANG_WARN__DUPLICATE_METHOD_MATCH = YES;
				COPY_PHASE_STRIP = NO;
				DEBUG_INFORMATION_FORMAT = "dwarf-with-dsym";
				ENABLE_NS_ASSERTIONS = NO;
				ENABLE_STRICT_OBJC_MSGSEND = YES;
				GCC_C_LANGUAGE_STANDARD = gnu11;
				GCC_NO_COMMON_BLOCKS = YES;
				GCC_WARN_64_TO_32_BIT_CONVERSION = YES;
				GCC_WARN_ABOUT_RETURN_TYPE = YES_ERROR;
				GCC_WARN_UNDECLARED_SELECTOR = YES;
				GCC_WARN_UNINITIALIZED_AUTOS = YES_AGGRESSIVE;
				GCC_WARN_UNUSED_FUNCTION = YES;
				GCC_WARN_UNUSED_VARIABLE = YES;
				IPHONEOS_DEPLOYMENT_TARGET = 14.4;
				MTL_ENABLE_DEBUG_INFO = NO;
				MTL_FAST_MATH = YES;
				SDKROOT = iphoneos;
				SWIFT_COMPILATION_MODE = wholemodule;
				SWIFT_OPTIMIZATION_LEVEL = "-O";
				VALIDATE_PRODUCT = YES;
			};
			name = Release;
		};
		864658B3262BDB98007727DB /* Debug */ = {
			isa = XCBuildConfiguration;
			baseConfigurationReference = C6C3BDD04DE2E4861954EF76 /* Pods-stonks.debug.xcconfig */;
			buildSettings = {
				ASSETCATALOG_COMPILER_APPICON_NAME = AppIcon;
				ASSETCATALOG_COMPILER_GLOBAL_ACCENT_COLOR_NAME = AccentColor;
				CODE_SIGN_STYLE = Automatic;
				DEVELOPMENT_TEAM = 47M9MCF5WB;
				INFOPLIST_FILE = stonks/Info.plist;
				IPHONEOS_DEPLOYMENT_TARGET = 13.6;
				LD_RUNPATH_SEARCH_PATHS = (
					"$(inherited)",
					"@executable_path/Frameworks",
				);
				PRODUCT_BUNDLE_IDENTIFIER = com.dibba.stonks;
				PRODUCT_NAME = "$(TARGET_NAME)";
				SWIFT_VERSION = 5.0;
				TARGETED_DEVICE_FAMILY = "1,2";
			};
			name = Debug;
		};
		864658B4262BDB98007727DB /* Release */ = {
			isa = XCBuildConfiguration;
			baseConfigurationReference = 954B2912C5F9B9F81D2F14B5 /* Pods-stonks.release.xcconfig */;
			buildSettings = {
				ASSETCATALOG_COMPILER_APPICON_NAME = AppIcon;
				ASSETCATALOG_COMPILER_GLOBAL_ACCENT_COLOR_NAME = AccentColor;
				CODE_SIGN_STYLE = Automatic;
				DEVELOPMENT_TEAM = 47M9MCF5WB;
				INFOPLIST_FILE = stonks/Info.plist;
				IPHONEOS_DEPLOYMENT_TARGET = 13.6;
				LD_RUNPATH_SEARCH_PATHS = (
					"$(inherited)",
					"@executable_path/Frameworks",
				);
				PRODUCT_BUNDLE_IDENTIFIER = com.dibba.stonks;
				PRODUCT_NAME = "$(TARGET_NAME)";
				SWIFT_VERSION = 5.0;
				TARGETED_DEVICE_FAMILY = "1,2";
			};
			name = Release;
		};
/* End XCBuildConfiguration section */

/* Begin XCConfigurationList section */
		86465899262BDB93007727DB /* Build configuration list for PBXProject "stonks" */ = {
			isa = XCConfigurationList;
			buildConfigurations = (
				864658B0262BDB98007727DB /* Debug */,
				864658B1262BDB98007727DB /* Release */,
			);
			defaultConfigurationIsVisible = 0;
			defaultConfigurationName = Release;
		};
		864658B2262BDB98007727DB /* Build configuration list for PBXNativeTarget "stonks" */ = {
			isa = XCConfigurationList;
			buildConfigurations = (
				864658B3262BDB98007727DB /* Debug */,
				864658B4262BDB98007727DB /* Release */,
			);
			defaultConfigurationIsVisible = 0;
			defaultConfigurationName = Release;
		};
/* End XCConfigurationList section */
	};
	rootObject = 86465896262BDB93007727DB /* Project object */;
}
